{
    "_meta": {
        "hash": {
            "sha256": "dd984b32ecc758c9f181db1f4795f2458e92994d8132b27917e11fbff68ebe07"
        },
        "pipfile-spec": 6,
        "requires": {},
        "sources": [
            {
                "name": "pypi",
                "url": "https://pypi.python.org/simple",
                "verify_ssl": true
            }
        ]
    },
    "default": {
        "certifi": {
            "hashes": [
                "sha256:1d987a998c75633c40847cc966fcf5904906c920a7f17ef374f5aa4282abd304",
                "sha256:51fcb31174be6e6664c5f69e3e1691a2d72a1a12e90f872cbdb1567eb47b6519"
            ],
            "version": "==2020.4.5.1"
        },
        "chardet": {
            "hashes": [
                "sha256:84ab92ed1c4d4f16916e05906b6b75a6c0fb5db821cc65e70cbd64a3e2a5eaae",
                "sha256:fc323ffcaeaed0e0a02bf4d117757b98aed530d9ed4531e3e15460124c106691"
            ],
            "version": "==3.0.4"
        },
        "dj-database-url": {
            "hashes": [
                "sha256:7f4c78d2a090df8dfaf56d5d3ff7bbee17360436e4879558317e2314424864cd"
            ],
            "index": "pypi",
            "version": "==0.4.1"
        },
        "django": {
            "hashes": [
                "sha256:014e3392058d94f40569206a24523ce254d55ad2f9f46c6550b0fe2e4f94cf3f",
                "sha256:4200aefb6678019a0acf0005cd14cfce3a5e6b9b90d06145fcdd2e474ad4329c"
            ],
            "index": "pypi",
            "version": "==1.11.29"
        },
        "factory-boy": {
            "hashes": [
                "sha256:340c602f6fed2d8dd160397f28f2c0219e937f0488460450e8e5bf2add020ed6",
                "sha256:b8334bcc3c5b10af9a83ab5b8786f98cb322638dc1e6d320cad01c7f2b420e87"
            ],
            "index": "pypi",
            "version": "==2.9.2"
        },
        "faker": {
            "hashes": [
                "sha256:21b18afb9f642738805efee06e831ecbbb23a27fb741ed61512c6021c4c083c9",
                "sha256:ca0f4944b5cbe0f238df13fa7014f415a6b94a9bd3fb66c4338cf846f2681b7f"
            ],
            "index": "pypi",
            "version": "==0.8.4"
        },
        "gunicorn": {
            "hashes": [
                "sha256:723234ea1fa8dff370ab69830ba8bc37469a7cba13fd66055faeef24085e6530",
                "sha256:813f6916d18a4c8e90efde72f419308b357692f81333cb1125f80013d22fb618"
            ],
            "index": "pypi",
            "version": "==19.6.0"
        },
        "idna": {
            "hashes": [
                "sha256:2c6a5de3089009e3da7c5dde64a141dbc8551d5b7f6cf4ed7c2568d0cc520a8f",
                "sha256:8c7309c718f94b3a625cb648ace320157ad16ff131ae0af362c9f21b80ef6ec4"
            ],
            "version": "==2.6"
        },
        "psycopg2": {
            "hashes": [
                "sha256:1ee3f027684db469e3aafa9d4897ed1ca19c599b772e12dca7e61ed1b30ce26e",
                "sha256:224bd45f838f8a714b8e711b4167158d86d01f398c678c46330caf59684a608f",
                "sha256:48c1648d090ca72cf430920fb62f138cd02f9d2b035d2d2654af0a38f28bdc27",
                "sha256:53973aea916a92a172e46b3181fc8f904c9013ae17513ee3029386084449ef07",
                "sha256:60f29f91a88fe7c2d1eb7fb64f3ea99b0bd3d06ea7169e187ccb2cb653f91311",
                "sha256:6b6f745fb3a94a8d48b2e225e14808768ed33c52993ad6319b8f9cb972fec4dd",
                "sha256:70490e12ed9c5c818ecd85d185d363335cc8a8cbf7212e3c185431c79ff8c05c",
                "sha256:83afd42c95ac9e745ba9dcd28c20142ffa85a2ecc628d40fdc85342018ac016b",
                "sha256:863fae11c31f5a7b9ce1e738149793214aad36cff4ca92d7111562e2fdbd7b57",
                "sha256:8c3b69d743e408527208d5ed6aa136b821bbd3cb1e236aa8479ff47ea986769c",
                "sha256:8ffbd1128df23c9fdfc3499084021055b3df7818f12ef87af5b3f33e27d58b0a",
                "sha256:bbc1c4065598146fe804bc0bc23c78429f1cf802ac6290518a371682a1569c4b",
                "sha256:c367d51de53bbe92c5f56dfc32278de79bbe706e64796306a44a6097130fdf84",
                "sha256:ceee85d0b05e2b6e178e8aaa1d7e7ee679e5b712ef7a34798f5136321fe6bb3c",
                "sha256:e03e5df05f85768af112e287cd89eecfce8a8ca2d6db3531402f7f0b0704d749"
            ],
            "index": "pypi",
            "version": "==2.6.2"
        },
        "python-dateutil": {
            "hashes": [
                "sha256:891c38b2a02f5bb1be3e4793866c8df49c7d19baabf9c1bad62547e0b4866aca",
                "sha256:95511bae634d69bc7329ba55e646499a842bc4ec342ad54a8cdb65645a0aad3c"
            ],
            "index": "pypi",
            "version": "==2.6.1"
        },
        "pytz": {
            "hashes": [
                "sha256:d1d6729c85acea5423671382868627129432fba9a89ecbb248d8d1c7a9f01c67",
                "sha256:f5c056e8f62d45ba8215e5cb8f50dfccb198b4b9fbea8500674f3443e4689589"
            ],
            "index": "pypi",
            "version": "==2017.2"
        },
        "requests": {
            "hashes": [
                "sha256:6a1b267aa90cac58ac3a765d067950e7dbbf75b1da07e895d1f594193a40a38b",
                "sha256:9c443e7324ba5b85070c4a818ade28bfabedf16ea10206da1132edaa6dda237e"
            ],
            "index": "pypi",
            "version": "==2.18.4"
        },
        "six": {
            "hashes": [
                "sha256:30639c035cdb23534cd4aa2dd52c3bf48f06e5f4a941509c8bafd8ce11080259",
                "sha256:8b74bedcbbbaca38ff6d7491d76f2b06b3592611af620f8426e82dddb04a5ced"
            ],
            "version": "==1.15.0"
        },
        "urllib3": {
            "hashes": [
                "sha256:06330f386d6e4b195fbfc736b297f58c5a892e4440e54d294d7004e3a9bbea1b",
                "sha256:cc44da8e1145637334317feebd728bd869a35285b93cbb4cca2577da7e62db4f"
            ],
            "version": "==1.22"
        },
        "whitenoise": {
            "hashes": [
                "sha256:13e5d6673c7c0805c73037b7745e027141a8e39c5b6ba669b631c8fb3d05b06e",
                "sha256:bf6488a3c7c947385d663bcf24957a4f1b5d3c215e86ec121eb5f3b7670ed693"
            ],
            "index": "pypi",
            "version": "==3.2"
        }
    },
    "develop": {}
}
