{
    "_meta": {
        "hash": {
            "sha256": "5d9d642f25a7a7f9ccb0491a87fd72cff950b448d1cd8303ddce1132a32fe920"
        },
        "host-environment-markers": {
            "implementation_name": "cpython",
            "implementation_version": "0",
            "os_name": "posix",
            "platform_machine": "x86_64",
            "platform_python_implementation": "CPython",
            "platform_release": "4.4.0-97-generic",
            "platform_system": "Linux",
            "platform_version": "#120-Ubuntu SMP Tue Sep 19 17:28:18 UTC 2017",
            "python_full_version": "2.7.12",
            "python_version": "2.7",
            "sys_platform": "linux2"
        },
        "pipfile-spec": 6,
        "requires": {},
        "sources": [
            {
                "name": "pypi",
                "url": "https://pypi.python.org/simple",
                "verify_ssl": true
            }
        ]
    },
    "default": {
        "certifi": {
            "hashes": [
                "sha256:54a07c09c586b0e4c619f02a5e94e36619da8e2b053e20f594348c0611803704",
                "sha256:40523d2efb60523e113b44602298f0960e900388cf3bb6043f645cf57ea9e3f5"
            ],
            "version": "==2017.7.27.1"
        },
        "chardet": {
            "hashes": [
                "sha256:fc323ffcaeaed0e0a02bf4d117757b98aed530d9ed4531e3e15460124c106691",
                "sha256:84ab92ed1c4d4f16916e05906b6b75a6c0fb5db821cc65e70cbd64a3e2a5eaae"
            ],
            "version": "==3.0.4"
        },
        "dj-database-url": {
            "hashes": [
                "sha256:7f4c78d2a090df8dfaf56d5d3ff7bbee17360436e4879558317e2314424864cd"
            ],
            "version": "==0.4.1"
        },
        "django": {
            "hashes": [
                "sha256:89162f70a74aac62a53f975128faba6099a7ef2c9d8140a41ae9d6210bda05cd",
                "sha256:1836878162dfdf865492bacfdff0321e4ee8f1e7d51d93192546000b54982b29"
            ],
            "version": "==1.11.5"
        },
        "factory-boy": {
            "hashes": [
                "sha256:b8334bcc3c5b10af9a83ab5b8786f98cb322638dc1e6d320cad01c7f2b420e87",
                "sha256:340c602f6fed2d8dd160397f28f2c0219e937f0488460450e8e5bf2add020ed6"
            ],
            "version": "==2.9.2"
        },
        "faker": {
            "hashes": [
                "sha256:ca0f4944b5cbe0f238df13fa7014f415a6b94a9bd3fb66c4338cf846f2681b7f",
                "sha256:21b18afb9f642738805efee06e831ecbbb23a27fb741ed61512c6021c4c083c9"
            ],
            "version": "==0.8.4"
        },
        "gunicorn": {
            "hashes": [
                "sha256:723234ea1fa8dff370ab69830ba8bc37469a7cba13fd66055faeef24085e6530",
                "sha256:813f6916d18a4c8e90efde72f419308b357692f81333cb1125f80013d22fb618"
            ],
            "version": "==19.6.0"
        },
        "idna": {
            "hashes": [
                "sha256:8c7309c718f94b3a625cb648ace320157ad16ff131ae0af362c9f21b80ef6ec4",
                "sha256:2c6a5de3089009e3da7c5dde64a141dbc8551d5b7f6cf4ed7c2568d0cc520a8f"
            ],
            "version": "==2.6"
        },
        "ipaddress": {
            "hashes": [
                "sha256:d34cf15d95ce9a734560f7400a8bd2ac2606f378e2a1d0eadbf1c98707e7c74a",
                "sha256:5d8534c8e185f2d8a1fda1ef73f2c8f4b23264e8e30063feeb9511d492a413e1"
            ],
            "markers": "python_version == '2.7'",
            "version": "==1.0.18"
        },
        "psycopg2": {
            "hashes": [
                "sha256:60f29f91a88fe7c2d1eb7fb64f3ea99b0bd3d06ea7169e187ccb2cb653f91311",
                "sha256:48c1648d090ca72cf430920fb62f138cd02f9d2b035d2d2654af0a38f28bdc27",
                "sha256:6b6f745fb3a94a8d48b2e225e14808768ed33c52993ad6319b8f9cb972fec4dd",
                "sha256:53973aea916a92a172e46b3181fc8f904c9013ae17513ee3029386084449ef07",
                "sha256:224bd45f838f8a714b8e711b4167158d86d01f398c678c46330caf59684a608f",
                "sha256:ceee85d0b05e2b6e178e8aaa1d7e7ee679e5b712ef7a34798f5136321fe6bb3c",
                "sha256:83afd42c95ac9e745ba9dcd28c20142ffa85a2ecc628d40fdc85342018ac016b",
                "sha256:1ee3f027684db469e3aafa9d4897ed1ca19c599b772e12dca7e61ed1b30ce26e",
                "sha256:863fae11c31f5a7b9ce1e738149793214aad36cff4ca92d7111562e2fdbd7b57",
                "sha256:e03e5df05f85768af112e287cd89eecfce8a8ca2d6db3531402f7f0b0704d749",
                "sha256:8ffbd1128df23c9fdfc3499084021055b3df7818f12ef87af5b3f33e27d58b0a",
                "sha256:8c3b69d743e408527208d5ed6aa136b821bbd3cb1e236aa8479ff47ea986769c",
                "sha256:c367d51de53bbe92c5f56dfc32278de79bbe706e64796306a44a6097130fdf84",
                "sha256:bbc1c4065598146fe804bc0bc23c78429f1cf802ac6290518a371682a1569c4b",
                "sha256:70490e12ed9c5c818ecd85d185d363335cc8a8cbf7212e3c185431c79ff8c05c"
            ],
            "version": "==2.6.2"
        },
        "python-dateutil": {
            "hashes": [
                "sha256:95511bae634d69bc7329ba55e646499a842bc4ec342ad54a8cdb65645a0aad3c",
                "sha256:891c38b2a02f5bb1be3e4793866c8df49c7d19baabf9c1bad62547e0b4866aca"
            ],
            "version": "==2.6.1"
        },
        "pytz": {
            "hashes": [
                "sha256:c883c2d6670042c7bc1688645cac73dd2b03193d1f7a6847b6154e96890be06d",
                "sha256:03c9962afe00e503e2d96abab4e8998a0f84d4230fa57afe1e0528473698cdd9",
                "sha256:487e7d50710661116325747a9cd1744d3323f8e49748e287bc9e659060ec6bf9",
                "sha256:43f52d4c6a0be301d53ebd867de05e2926c35728b3260157d274635a0a947f1c",
                "sha256:d1d6729c85acea5423671382868627129432fba9a89ecbb248d8d1c7a9f01c67",
                "sha256:54a935085f7bf101f86b2aff75bd9672b435f51c3339db2ff616e66845f2b8f9",
                "sha256:39504670abb5dae77f56f8eb63823937ce727d7cdd0088e6909e6dcac0f89043",
                "sha256:ddc93b6d41cfb81266a27d23a79e13805d4a5521032b512643af8729041a81b4",
                "sha256:f5c056e8f62d45ba8215e5cb8f50dfccb198b4b9fbea8500674f3443e4689589"
            ],
            "version": "==2017.2"
        },
        "requests": {
            "hashes": [
                "sha256:6a1b267aa90cac58ac3a765d067950e7dbbf75b1da07e895d1f594193a40a38b",
                "sha256:9c443e7324ba5b85070c4a818ade28bfabedf16ea10206da1132edaa6dda237e"
            ],
            "version": "==2.18.4"
        },
        "six": {
            "hashes": [
                "sha256:832dc0e10feb1aa2c68dcc57dbb658f1c7e65b9b61af69048abc87a2db00a0eb",
                "sha256:70e8a77beed4562e7f14fe23a786b54f6296e34344c23bc42f07b15018ff98e9"
            ],
            "version": "==1.11.0"
        },
        "urllib3": {
            "hashes": [
                "sha256:06330f386d6e4b195fbfc736b297f58c5a892e4440e54d294d7004e3a9bbea1b",
                "sha256:cc44da8e1145637334317feebd728bd869a35285b93cbb4cca2577da7e62db4f"
            ],
            "version": "==1.22"
        },
        "whitenoise": {
            "hashes": [
                "sha256:13e5d6673c7c0805c73037b7745e027141a8e39c5b6ba669b631c8fb3d05b06e",
                "sha256:bf6488a3c7c947385d663bcf24957a4f1b5d3c215e86ec121eb5f3b7670ed693"
            ],
            "version": "==3.2"
        }
    },
    "develop": {}
}
